
Microsoft Visual Studio Solution File, Format Version 12.00
# Visual Studio Version 17
VisualStudioVersion = 17.13.35919.96 d17.13
MinimumVisualStudioVersion = 10.0.40219.1
Project("{FAE04EC0-301F-11D3-BF4B-00C04F79EFBC}") = "02_Verlinkte_List_Generisch", "02_Verlinkte_List_Generisch\02_Verlinkte_List_Generisch.csproj", "{42647E54-6F25-43C7-BB8E-A0DA3AC46D2C}"
EndProject
Global
	GlobalSection(SolutionConfigurationPlatforms) = preSolution
		Debug|Any CPU = Debug|Any CPU
		Release|Any CPU = Release|Any CPU
	EndGlobalSection
	GlobalSection(ProjectConfigurationPlatforms) = postSolution
		{42647E54-6F25-43C7-BB8E-A0DA3AC46D2C}.Debug|Any CPU.ActiveCfg = Debug|Any CPU
		{42647E54-6F25-43C7-BB8E-A0DA3AC46D2C}.Debug|Any CPU.Build.0 = Debug|Any CPU
		{42647E54-6F25-43C7-BB8E-A0DA3AC46D2C}.Release|Any CPU.ActiveCfg = Release|Any CPU
		{42647E54-6F25-43C7-BB8E-A0DA3AC46D2C}.Release|Any CPU.Build.0 = Release|Any CPU
	EndGlobalSection
	GlobalSection(SolutionProperties) = preSolution
		HideSolutionNode = FALSE
	EndGlobalSection
	GlobalSection(ExtensibilityGlobals) = postSolution
		SolutionGuid = {1B29DEC3-AF47-49F9-B31B-47E7D769AB1D}
	EndGlobalSection
EndGlobal
