
Microsoft Visual Studio Solution File, Format Version 12.00
# Visual Studio Version 17
VisualStudioVersion = 17.13.35931.197 d17.13
MinimumVisualStudioVersion = 10.0.40219.1
Project("{FAE04EC0-301F-11D3-BF4B-00C04F79EFBC}") = "16_Physarum", "16_Physarum\16_Physarum.csproj", "{AF10F297-8D3A-4854-9316-745A863D8FBD}"
EndProject
Global
	GlobalSection(SolutionConfigurationPlatforms) = preSolution
		Debug|Any CPU = Debug|Any CPU
		Release|Any CPU = Release|Any CPU
	EndGlobalSection
	GlobalSection(ProjectConfigurationPlatforms) = postSolution
		{AF10F297-8D3A-4854-9316-745A863D8FBD}.Debug|Any CPU.ActiveCfg = Debug|Any CPU
		{AF10F297-8D3A-4854-9316-745A863D8FBD}.Debug|Any CPU.Build.0 = Debug|Any CPU
		{AF10F297-8D3A-4854-9316-745A863D8FBD}.Release|Any CPU.ActiveCfg = Release|Any CPU
		{AF10F297-8D3A-4854-9316-745A863D8FBD}.Release|Any CPU.Build.0 = Release|Any CPU
	EndGlobalSection
	GlobalSection(SolutionProperties) = preSolution
		HideSolutionNode = FALSE
	EndGlobalSection
	GlobalSection(ExtensibilityGlobals) = postSolution
		SolutionGuid = {B9EF1B12-D02A-4509-BEF0-7C00A42EE858}
	EndGlobalSection
EndGlobal
