
Microsoft Visual Studio Solution File, Format Version 12.00
# Visual Studio Version 17
VisualStudioVersion = 17.13.35931.197 d17.13
MinimumVisualStudioVersion = 10.0.40219.1
Project("{FAE04EC0-301F-11D3-BF4B-00C04F79EFBC}") = "10_Bank-Simulation", "10_Bank-Simulation\10_Bank-Simulation.csproj", "{9CE55AB1-F904-4DEA-B129-CD35EF75FD6C}"
EndProject
Global
	GlobalSection(SolutionConfigurationPlatforms) = preSolution
		Debug|Any CPU = Debug|Any CPU
		Release|Any CPU = Release|Any CPU
	EndGlobalSection
	GlobalSection(ProjectConfigurationPlatforms) = postSolution
		{9CE55AB1-F904-4DEA-B129-CD35EF75FD6C}.Debug|Any CPU.ActiveCfg = Debug|Any CPU
		{9CE55AB1-F904-4DEA-B129-CD35EF75FD6C}.Debug|Any CPU.Build.0 = Debug|Any CPU
		{9CE55AB1-F904-4DEA-B129-CD35EF75FD6C}.Release|Any CPU.ActiveCfg = Release|Any CPU
		{9CE55AB1-F904-4DEA-B129-CD35EF75FD6C}.Release|Any CPU.Build.0 = Release|Any CPU
	EndGlobalSection
	GlobalSection(SolutionProperties) = preSolution
		HideSolutionNode = FALSE
	EndGlobalSection
	GlobalSection(ExtensibilityGlobals) = postSolution
		SolutionGuid = {F8E7523A-4D32-4374-B271-05710E0C1E07}
	EndGlobalSection
EndGlobal
